<?xml version="1.0" encoding="utf-8"?>
<Project ToolsVersion="4.0" xmlns="http://schemas.microsoft.com/developer/msbuild/2003">
  <ItemGroup>
    <Filter Include="ソース ファイル">
      <UniqueIdentifier>{4FC737F1-C7A5-4376-A066-2A32D752A2FF}</UniqueIdentifier>
      <Extensions>cpp;c;cc;cxx;c++;cppm;ixx;def;odl;idl;hpj;bat;asm;asmx</Extensions>
    </Filter>
    <Filter Include="ヘッダー ファイル">
      <UniqueIdentifier>{93995380-89BD-4b04-88EB-625FBE52EBFB}</UniqueIdentifier>
      <Extensions>h;hh;hpp;hxx;h++;hm;inl;inc;ipp;xsd</Extensions>
    </Filter>
    <Filter Include="リソース ファイル">
      <UniqueIdentifier>{67DA6AB6-F800-4c08-8B7A-83BB121AAD01}</UniqueIdentifier>
      <Extensions>rc;ico;cur;bmp;dlg;rc2;rct;bin;rgs;gif;jpg;jpeg;jpe;resx;tiff;tif;png;wav;mfcribbon-ms</Extensions>
    </Filter>
    <Filter Include="Input">
      <UniqueIdentifier>{ef3c3a0c-fbbc-4233-8b00-cb8438916068}</UniqueIdentifier>
    </Filter>
    <Filter Include="Frame">
      <UniqueIdentifier>{fde08454-1214-4b06-8f83-77ae1d0cc734}</UniqueIdentifier>
    </Filter>
    <Filter Include="Objects">
      <UniqueIdentifier>{f9e0abae-34b5-44c4-8a52-6f9aada79882}</UniqueIdentifier>
    </Filter>
    <Filter Include="Objects\Player">
      <UniqueIdentifier>{ba917fa8-55d0-43e6-997c-721b01f42d27}</UniqueIdentifier>
    </Filter>
    <Filter Include="MyMath">
      <UniqueIdentifier>{75ecbf08-a63f-4e75-b063-c4fac09ba865}</UniqueIdentifier>
    </Filter>
    <Filter Include="Scene">
      <UniqueIdentifier>{5dc3c43c-68b2-4263-bc0f-d4fdbc4a8b22}</UniqueIdentifier>
    </Filter>
    <Filter Include="Scene\ScenePlay">
      <UniqueIdentifier>{2038bb70-ace5-4e69-9b79-33ac73c5d97b}</UniqueIdentifier>
    </Filter>
    <Filter Include="Objects\Enemy">
      <UniqueIdentifier>{734b0201-8c9f-4523-8526-4dfdc174e1a1}</UniqueIdentifier>
    </Filter>
    <Filter Include="CountTime">
      <UniqueIdentifier>{558dded3-295a-449a-8862-aa5fec6023e8}</UniqueIdentifier>
    </Filter>
    <Filter Include="Scene\SceneTitle">
      <UniqueIdentifier>{f52121b0-02b1-438c-a334-64f4d17ceacf}</UniqueIdentifier>
    </Filter>
  </ItemGroup>
  <ItemGroup>
    <ClCompile Include="src\Main.cpp">
      <Filter>ソース ファイル</Filter>
    </ClCompile>
    <ClCompile Include="src\Input\Input.cpp">
      <Filter>Input</Filter>
    </ClCompile>
    <ClCompile Include="src\Frame\Frame.cpp">
      <Filter>Frame</Filter>
    </ClCompile>
    <ClCompile Include="src\Objects\Objects.cpp">
      <Filter>Objects</Filter>
    </ClCompile>
    <ClCompile Include="src\Objects\Player\Player.cpp">
      <Filter>Objects\Player</Filter>
    </ClCompile>
    <ClCompile Include="src\MyMath\MyMath.cpp">
      <Filter>MyMath</Filter>
    </ClCompile>
    <ClCompile Include="src\Scene\SceneManager.cpp">
      <Filter>Scene</Filter>
    </ClCompile>
    <ClCompile Include="src\Scene\ScenePlay\ScenePlay.cpp">
      <Filter>Scene\ScenePlay</Filter>
    </ClCompile>
    <ClCompile Include="src\Objects\Enemy\Enemy.cpp">
      <Filter>Objects\Enemy</Filter>
    </ClCompile>
    <ClCompile Include="src\CountTime\CountTime.cpp">
      <Filter>CountTime</Filter>
    </ClCompile>
    <ClCompile Include="src\Scene\SceneTitle\SceneTitle.cpp">
      <Filter>Scene\SceneTitle</Filter>
    </ClCompile>
  </ItemGroup>
  <ItemGroup>
    <ClInclude Include="src\Common.h">
      <Filter>ソース ファイル</Filter>
    </ClInclude>
    <ClInclude Include="src\Input\Input.h">
      <Filter>Input</Filter>
    </ClInclude>
    <ClInclude Include="src\Frame\Frame.h">
      <Filter>Frame</Filter>
    </ClInclude>
    <ClInclude Include="src\Objects\Objects.h">
      <Filter>Objects</Filter>
    </ClInclude>
    <ClInclude Include="src\Objects\Player\Player.h">
      <Filter>Objects\Player</Filter>
    </ClInclude>
    <ClInclude Include="src\MyMath\MyMath.h">
      <Filter>MyMath</Filter>
    </ClInclude>
    <ClInclude Include="src\Scene\SceneManager.h">
      <Filter>Scene</Filter>
    </ClInclude>
    <ClInclude Include="src\Scene\ScenePlay\ScenePlay.h">
      <Filter>Scene\ScenePlay</Filter>
    </ClInclude>
    <ClInclude Include="src\Objects\Enemy\Enemy.h">
      <Filter>Objects\Enemy</Filter>
    </ClInclude>
    <ClInclude Include="src\CountTime\CountTime.h">
      <Filter>CountTime</Filter>
    </ClInclude>
    <ClInclude Include="src\Scene\SceneTitle\SceneTitle.h">
      <Filter>Scene\SceneTitle</Filter>
    </ClInclude>
  </ItemGroup>
</Project>